
Microsoft Visual Studio Solution File, Format Version 12.00
# Visual Studio Version 17
VisualStudioVersion = 17.3.32811.315
MinimumVisualStudioVersion = 10.0.40219.1
Project("{FAE04EC0-301F-11D3-BF4B-00C04F79EFBC}") = "ProgWeb3APIEventos", "ProgWeb3APIEventos\ProgWeb3APIEventos.csproj", "{C74781E4-C7DA-4E0E-8573-757807D3AAA0}"
EndProject
Project("{FAE04EC0-301F-11D3-BF4B-00C04F79EFBC}") = "ProgWeb3APIEventos.Core", "ProgWeb3APIEventos.Core\ProgWeb3APIEventos.Core.csproj", "{2B62E912-322A-4413-8AE9-F30B2005BC9B}"
EndProject
Project("{FAE04EC0-301F-11D3-BF4B-00C04F79EFBC}") = "ProgWeb3APIEventos.Infra.Data", "ProgWeb3APIEventos.Infra.Data\ProgWeb3APIEventos.Infra.Data.csproj", "{709F6225-6892-42FB-BB0D-2898D254DF39}"
EndProject
Global
	GlobalSection(SolutionConfigurationPlatforms) = preSolution
		Debug|Any CPU = Debug|Any CPU
		Release|Any CPU = Release|Any CPU
	EndGlobalSection
	GlobalSection(ProjectConfigurationPlatforms) = postSolution
		{C74781E4-C7DA-4E0E-8573-757807D3AAA0}.Debug|Any CPU.ActiveCfg = Debug|Any CPU
		{C74781E4-C7DA-4E0E-8573-757807D3AAA0}.Debug|Any CPU.Build.0 = Debug|Any CPU
		{C74781E4-C7DA-4E0E-8573-757807D3AAA0}.Release|Any CPU.ActiveCfg = Release|Any CPU
		{C74781E4-C7DA-4E0E-8573-757807D3AAA0}.Release|Any CPU.Build.0 = Release|Any CPU
		{2B62E912-322A-4413-8AE9-F30B2005BC9B}.Debug|Any CPU.ActiveCfg = Debug|Any CPU
		{2B62E912-322A-4413-8AE9-F30B2005BC9B}.Debug|Any CPU.Build.0 = Debug|Any CPU
		{2B62E912-322A-4413-8AE9-F30B2005BC9B}.Release|Any CPU.ActiveCfg = Release|Any CPU
		{2B62E912-322A-4413-8AE9-F30B2005BC9B}.Release|Any CPU.Build.0 = Release|Any CPU
		{709F6225-6892-42FB-BB0D-2898D254DF39}.Debug|Any CPU.ActiveCfg = Debug|Any CPU
		{709F6225-6892-42FB-BB0D-2898D254DF39}.Debug|Any CPU.Build.0 = Debug|Any CPU
		{709F6225-6892-42FB-BB0D-2898D254DF39}.Release|Any CPU.ActiveCfg = Release|Any CPU
		{709F6225-6892-42FB-BB0D-2898D254DF39}.Release|Any CPU.Build.0 = Release|Any CPU
	EndGlobalSection
	GlobalSection(SolutionProperties) = preSolution
		HideSolutionNode = FALSE
	EndGlobalSection
	GlobalSection(ExtensibilityGlobals) = postSolution
		SolutionGuid = {2B6E11B6-BC28-46A3-B24A-991BBD57EF57}
	EndGlobalSection
EndGlobal
